
Microsoft Visual Studio Solution File, Format Version 12.00
# Visual Studio Version 17
VisualStudioVersion = 17.8.34525.116
MinimumVisualStudioVersion = 10.0.40219.1
Project("{2150E333-8FDC-42A3-9474-1A3956D46DE8}") = "PFM.Core", "PFM.Core", "{D8CDE0EB-8398-4581-B3F6-13355E1CB49D}"
EndProject
Project("{2150E333-8FDC-42A3-9474-1A3956D46DE8}") = "PFM.Infrastructur", "PFM.Infrastructur", "{F62C79DB-3E8A-4899-8675-084555D7BA67}"
EndProject
Project("{2150E333-8FDC-42A3-9474-1A3956D46DE8}") = "PFM.Presintation", "PFM.Presintation", "{AF8181C9-87DA-4FEF-B8F5-E4964AA3441D}"
EndProject
Project("{FAE04EC0-301F-11D3-BF4B-00C04F79EFBC}") = "PresintationLayer", "Presintation\PresintationLayer.csproj", "{F67CCFA2-913A-4623-9C3F-DF5E8DB6B0D7}"
EndProject
Project("{FAE04EC0-301F-11D3-BF4B-00C04F79EFBC}") = "InfrastructurLayer", "Application\InfrastructurLayer.csproj", "{7E983BEC-F7E1-40D1-B158-3D905B76F2DD}"
EndProject
Project("{FAE04EC0-301F-11D3-BF4B-00C04F79EFBC}") = "DomainLayer", "Domain\DomainLayer.csproj", "{50CB4B2B-C46D-4566-A6D7-DCC11834E3D1}"
EndProject
Project("{FAE04EC0-301F-11D3-BF4B-00C04F79EFBC}") = "ApplicationLayer", "ApplicationLayer\ApplicationLayer.csproj", "{FE846C03-FE13-4B62-9E9B-C9EBA8590F8E}"
EndProject
Global
	GlobalSection(SolutionConfigurationPlatforms) = preSolution
		Debug|Any CPU = Debug|Any CPU
		Release|Any CPU = Release|Any CPU
	EndGlobalSection
	GlobalSection(ProjectConfigurationPlatforms) = postSolution
		{F67CCFA2-913A-4623-9C3F-DF5E8DB6B0D7}.Debug|Any CPU.ActiveCfg = Debug|Any CPU
		{F67CCFA2-913A-4623-9C3F-DF5E8DB6B0D7}.Debug|Any CPU.Build.0 = Debug|Any CPU
		{F67CCFA2-913A-4623-9C3F-DF5E8DB6B0D7}.Release|Any CPU.ActiveCfg = Release|Any CPU
		{F67CCFA2-913A-4623-9C3F-DF5E8DB6B0D7}.Release|Any CPU.Build.0 = Release|Any CPU
		{7E983BEC-F7E1-40D1-B158-3D905B76F2DD}.Debug|Any CPU.ActiveCfg = Debug|Any CPU
		{7E983BEC-F7E1-40D1-B158-3D905B76F2DD}.Debug|Any CPU.Build.0 = Debug|Any CPU
		{7E983BEC-F7E1-40D1-B158-3D905B76F2DD}.Release|Any CPU.ActiveCfg = Release|Any CPU
		{7E983BEC-F7E1-40D1-B158-3D905B76F2DD}.Release|Any CPU.Build.0 = Release|Any CPU
		{50CB4B2B-C46D-4566-A6D7-DCC11834E3D1}.Debug|Any CPU.ActiveCfg = Debug|Any CPU
		{50CB4B2B-C46D-4566-A6D7-DCC11834E3D1}.Debug|Any CPU.Build.0 = Debug|Any CPU
		{50CB4B2B-C46D-4566-A6D7-DCC11834E3D1}.Release|Any CPU.ActiveCfg = Release|Any CPU
		{50CB4B2B-C46D-4566-A6D7-DCC11834E3D1}.Release|Any CPU.Build.0 = Release|Any CPU
		{FE846C03-FE13-4B62-9E9B-C9EBA8590F8E}.Debug|Any CPU.ActiveCfg = Debug|Any CPU
		{FE846C03-FE13-4B62-9E9B-C9EBA8590F8E}.Debug|Any CPU.Build.0 = Debug|Any CPU
		{FE846C03-FE13-4B62-9E9B-C9EBA8590F8E}.Release|Any CPU.ActiveCfg = Release|Any CPU
		{FE846C03-FE13-4B62-9E9B-C9EBA8590F8E}.Release|Any CPU.Build.0 = Release|Any CPU
	EndGlobalSection
	GlobalSection(SolutionProperties) = preSolution
		HideSolutionNode = FALSE
	EndGlobalSection
	GlobalSection(NestedProjects) = preSolution
		{F67CCFA2-913A-4623-9C3F-DF5E8DB6B0D7} = {AF8181C9-87DA-4FEF-B8F5-E4964AA3441D}
		{7E983BEC-F7E1-40D1-B158-3D905B76F2DD} = {F62C79DB-3E8A-4899-8675-084555D7BA67}
		{50CB4B2B-C46D-4566-A6D7-DCC11834E3D1} = {D8CDE0EB-8398-4581-B3F6-13355E1CB49D}
		{FE846C03-FE13-4B62-9E9B-C9EBA8590F8E} = {D8CDE0EB-8398-4581-B3F6-13355E1CB49D}
	EndGlobalSection
	GlobalSection(ExtensibilityGlobals) = postSolution
		SolutionGuid = {D92347D0-7D59-4D25-B50C-F3E1A339DAEE}
	EndGlobalSection
EndGlobal
